// !$*UTF8*$!
{
	archiveVersion = 1;
	classes = {
	};
	objectVersion = 60;
	objects = {

/* Begin PBXBuildFile section */
		00E356F31AD99517003FC87E /* plasmaTests.m in Sources */ = {isa = PBXBuildFile; fileRef = 00E356F21AD99517003FC87E /* plasmaTests.m */; };
		13B07FBC1A68108700A75B9A /* AppDelegate.mm in Sources */ = {isa = PBXBuildFile; fileRef = 13B07FB01A68108700A75B9A /* AppDelegate.mm */; };
		13B07FBF1A68108700A75B9A /* Images.xcassets in Resources */ = {isa = PBXBuildFile; fileRef = 13B07FB51A68108700A75B9A /* Images.xcassets */; };
		13B07FC11A68108700A75B9A /* main.m in Sources */ = {isa = PBXBuildFile; fileRef = 13B07FB71A68108700A75B9A /* main.m */; };
		1BBB01A42BF4FF2800EDCA9B /* Satoshi-Variable.ttf in Resources */ = {isa = PBXBuildFile; fileRef = 1BBB01A02BF4FF2800EDCA9B /* Satoshi-Variable.ttf */; };
		1BBB01A52BF4FF2800EDCA9B /* Satoshi-VariableItalic.ttf in Resources */ = {isa = PBXBuildFile; fileRef = 1BBB01A12BF4FF2800EDCA9B /* Satoshi-VariableItalic.ttf */; };
		1BBB01A62BF4FF2800EDCA9B /* SugarstyleMillenial-Regular.ttf in Resources */ = {isa = PBXBuildFile; fileRef = 1BBB01A22BF4FF2800EDCA9B /* SugarstyleMillenial-Regular.ttf */; };
		1BBB01B02BF4FF3900EDCA9B /* lightning.pb.swift in Sources */ = {isa = PBXBuildFile; fileRef = 1BBB01A72BF4FF3900EDCA9B /* lightning.pb.swift */; };
		1BBB01B12BF4FF3900EDCA9B /* walletunlocker.pb.swift in Sources */ = {isa = PBXBuildFile; fileRef = 1BBB01A82BF4FF3900EDCA9B /* walletunlocker.pb.swift */; };
		1BBB01B22BF4FF3900EDCA9B /* Lnd.swift in Sources */ = {isa = PBXBuildFile; fileRef = 1BBB01AA2BF4FF3900EDCA9B /* Lnd.swift */; };
		1BBB01B32BF4FF3900EDCA9B /* LndMobile.m in Sources */ = {isa = PBXBuildFile; fileRef = 1BBB01AB2BF4FF3900EDCA9B /* LndMobile.m */; };
		1BBB01B42BF4FF3900EDCA9B /* Lndmobile.swift in Sources */ = {isa = PBXBuildFile; fileRef = 1BBB01AC2BF4FF3900EDCA9B /* Lndmobile.swift */; };
		1BBB01B62BF4FF5500EDCA9B /* Lndmobile.xcframework in Frameworks */ = {isa = PBXBuildFile; fileRef = 1BBB01AD2BF4FF3900EDCA9B /* Lndmobile.xcframework */; };
		1BBB01B72BF4FF5500EDCA9B /* Lndmobile.xcframework in Embed Frameworks */ = {isa = PBXBuildFile; fileRef = 1BBB01AD2BF4FF3900EDCA9B /* Lndmobile.xcframework */; settings = {ATTRIBUTES = (CodeSignOnCopy, RemoveHeadersOnCopy, ); }; };
		1BBB01C22BF5022900EDCA9B /* SwiftProtobuf in Frameworks */ = {isa = PBXBuildFile; productRef = 1BBB01C12BF5022900EDCA9B /* SwiftProtobuf */; };
		1BBB01C42BF5022900EDCA9B /* SwiftProtobufPluginLibrary in Frameworks */ = {isa = PBXBuildFile; productRef = 1BBB01C32BF5022900EDCA9B /* SwiftProtobufPluginLibrary */; };
		1BED719F2BF4CE8E00098E26 /* libresolv.9.tbd in Frameworks */ = {isa = PBXBuildFile; fileRef = 1BED719E2BF4CE8700098E26 /* libresolv.9.tbd */; };
		30403D1781E46E18DE47036C /* libPods-plasma.a in Frameworks */ = {isa = PBXBuildFile; fileRef = FD1976B16DEFB2D268E332DC /* libPods-plasma.a */; };
		81AB9BB82411601600AC10FF /* LaunchScreen.storyboard in Resources */ = {isa = PBXBuildFile; fileRef = 81AB9BB72411601600AC10FF /* LaunchScreen.storyboard */; };
		8E76C575CF0DFA1F37AA5EE5 /* libPods-plasma-plasmaTests.a in Frameworks */ = {isa = PBXBuildFile; fileRef = A161D6D1C199D17BD47C7632 /* libPods-plasma-plasmaTests.a */; };
		964D5BC014578B7A3FA31EBC /* ExpoModulesProvider.swift in Sources */ = {isa = PBXBuildFile; fileRef = AC18D45C582850A19CA3EB95 /* ExpoModulesProvider.swift */; };
		B7539F0800979BDF26A41213 /* ExpoModulesProvider.swift in Sources */ = {isa = PBXBuildFile; fileRef = 2075DC22F2454F65CC20E21D /* ExpoModulesProvider.swift */; };
		DA03E15CFC29C24FF4284566 /* PrivacyInfo.xcprivacy in Resources */ = {isa = PBXBuildFile; fileRef = 6597258BC3F32726D4A39D7C /* PrivacyInfo.xcprivacy */; };
/* End PBXBuildFile section */

/* Begin PBXContainerItemProxy section */
		00E356F41AD99517003FC87E /* PBXContainerItemProxy */ = {
			isa = PBXContainerItemProxy;
			containerPortal = 83CBB9F71A601CBA00E9B192 /* Project object */;
			proxyType = 1;
			remoteGlobalIDString = 13B07F861A680F5B00A75B9A;
			remoteInfo = plasma;
		};
/* End PBXContainerItemProxy section */

/* Begin PBXCopyFilesBuildPhase section */
		1BBB01B82BF4FF5500EDCA9B /* Embed Frameworks */ = {
			isa = PBXCopyFilesBuildPhase;
			buildActionMask = 2147483647;
			dstPath = "";
			dstSubfolderSpec = 10;
			files = (
				1BBB01B72BF4FF5500EDCA9B /* Lndmobile.xcframework in Embed Frameworks */,
			);
			name = "Embed Frameworks";
			runOnlyForDeploymentPostprocessing = 0;
		};
/* End PBXCopyFilesBuildPhase section */

/* Begin PBXFileReference section */
		00E356EE1AD99517003FC87E /* plasmaTests.xctest */ = {isa = PBXFileReference; explicitFileType = wrapper.cfbundle; includeInIndex = 0; path = plasmaTests.xctest; sourceTree = BUILT_PRODUCTS_DIR; };
		00E356F11AD99517003FC87E /* Info.plist */ = {isa = PBXFileReference; lastKnownFileType = text.plist.xml; path = Info.plist; sourceTree = "<group>"; };
		00E356F21AD99517003FC87E /* plasmaTests.m */ = {isa = PBXFileReference; lastKnownFileType = sourcecode.c.objc; path = plasmaTests.m; sourceTree = "<group>"; };
		06A08EE9C51D9BF7DDB0F7FE /* Pods-plasma.release.xcconfig */ = {isa = PBXFileReference; includeInIndex = 1; lastKnownFileType = text.xcconfig; name = "Pods-plasma.release.xcconfig"; path = "Target Support Files/Pods-plasma/Pods-plasma.release.xcconfig"; sourceTree = "<group>"; };
		13B07F961A680F5B00A75B9A /* plasma.app */ = {isa = PBXFileReference; explicitFileType = wrapper.application; includeInIndex = 0; path = plasma.app; sourceTree = BUILT_PRODUCTS_DIR; };
		13B07FAF1A68108700A75B9A /* AppDelegate.h */ = {isa = PBXFileReference; fileEncoding = 4; lastKnownFileType = sourcecode.c.h; name = AppDelegate.h; path = plasma/AppDelegate.h; sourceTree = "<group>"; };
		13B07FB01A68108700A75B9A /* AppDelegate.mm */ = {isa = PBXFileReference; fileEncoding = 4; lastKnownFileType = sourcecode.cpp.objcpp; name = AppDelegate.mm; path = plasma/AppDelegate.mm; sourceTree = "<group>"; };
		13B07FB51A68108700A75B9A /* Images.xcassets */ = {isa = PBXFileReference; lastKnownFileType = folder.assetcatalog; name = Images.xcassets; path = plasma/Images.xcassets; sourceTree = "<group>"; };
		13B07FB61A68108700A75B9A /* Info.plist */ = {isa = PBXFileReference; fileEncoding = 4; lastKnownFileType = text.plist.xml; name = Info.plist; path = plasma/Info.plist; sourceTree = "<group>"; };
		13B07FB71A68108700A75B9A /* main.m */ = {isa = PBXFileReference; fileEncoding = 4; lastKnownFileType = sourcecode.c.objc; name = main.m; path = plasma/main.m; sourceTree = "<group>"; };
		13B07FB81A68108700A75B9A /* PrivacyInfo.xcprivacy */ = {isa = PBXFileReference; fileEncoding = 4; lastKnownFileType = text.plist.xml; name = PrivacyInfo.xcprivacy; path = plasma/PrivacyInfo.xcprivacy; sourceTree = "<group>"; };
		1B44BEF52CA0F9CB0043B966 /* OpenSSL.xcframework */ = {isa = PBXFileReference; expectedSignature = "AppleDeveloperProgram:67RAULRX93:Marcin Krzyzanowski"; lastKnownFileType = wrapper.xcframework; name = OpenSSL.xcframework; path = "Pods/OpenSSL-Universal/Frameworks/OpenSSL.xcframework"; sourceTree = "<group>"; };
		1BBB01A02BF4FF2800EDCA9B /* Satoshi-Variable.ttf */ = {isa = PBXFileReference; lastKnownFileType = file; path = "Satoshi-Variable.ttf"; sourceTree = "<group>"; };
		1BBB01A12BF4FF2800EDCA9B /* Satoshi-VariableItalic.ttf */ = {isa = PBXFileReference; lastKnownFileType = file; path = "Satoshi-VariableItalic.ttf"; sourceTree = "<group>"; };
		1BBB01A22BF4FF2800EDCA9B /* SugarstyleMillenial-Regular.ttf */ = {isa = PBXFileReference; lastKnownFileType = file; path = "SugarstyleMillenial-Regular.ttf"; sourceTree = "<group>"; };
		1BBB01A72BF4FF3900EDCA9B /* lightning.pb.swift */ = {isa = PBXFileReference; fileEncoding = 4; lastKnownFileType = sourcecode.swift; path = lightning.pb.swift; sourceTree = "<group>"; };
		1BBB01A82BF4FF3900EDCA9B /* walletunlocker.pb.swift */ = {isa = PBXFileReference; fileEncoding = 4; lastKnownFileType = sourcecode.swift; path = walletunlocker.pb.swift; sourceTree = "<group>"; };
		1BBB01AA2BF4FF3900EDCA9B /* Lnd.swift */ = {isa = PBXFileReference; fileEncoding = 4; lastKnownFileType = sourcecode.swift; path = Lnd.swift; sourceTree = "<group>"; };
		1BBB01AB2BF4FF3900EDCA9B /* LndMobile.m */ = {isa = PBXFileReference; fileEncoding = 4; lastKnownFileType = sourcecode.c.objc; path = LndMobile.m; sourceTree = "<group>"; };
		1BBB01AC2BF4FF3900EDCA9B /* Lndmobile.swift */ = {isa = PBXFileReference; fileEncoding = 4; lastKnownFileType = sourcecode.swift; path = Lndmobile.swift; sourceTree = "<group>"; };
		1BBB01AD2BF4FF3900EDCA9B /* Lndmobile.xcframework */ = {isa = PBXFileReference; lastKnownFileType = wrapper.xcframework; path = Lndmobile.xcframework; sourceTree = "<group>"; };
		1BBB01BF2BF501F200EDCA9B /* plasma-Bridging-Header.h */ = {isa = PBXFileReference; lastKnownFileType = sourcecode.c.h; path = "plasma-Bridging-Header.h"; sourceTree = SOURCE_ROOT; };
		1BC3AB132CD547B00024FD9C /* plasma.entitlements */ = {isa = PBXFileReference; lastKnownFileType = text.plist.entitlements; name = plasma.entitlements; path = plasma/plasma.entitlements; sourceTree = "<group>"; };
		1BED719E2BF4CE8700098E26 /* libresolv.9.tbd */ = {isa = PBXFileReference; lastKnownFileType = "sourcecode.text-based-dylib-definition"; name = libresolv.9.tbd; path = usr/lib/libresolv.9.tbd; sourceTree = SDKROOT; };
		2075DC22F2454F65CC20E21D /* ExpoModulesProvider.swift */ = {isa = PBXFileReference; includeInIndex = 1; lastKnownFileType = sourcecode.swift; name = ExpoModulesProvider.swift; path = "Pods/Target Support Files/Pods-plasma/ExpoModulesProvider.swift"; sourceTree = "<group>"; };
		38B857622068AA00B927DD24 /* Pods-plasma.debug.xcconfig */ = {isa = PBXFileReference; includeInIndex = 1; lastKnownFileType = text.xcconfig; name = "Pods-plasma.debug.xcconfig"; path = "Target Support Files/Pods-plasma/Pods-plasma.debug.xcconfig"; sourceTree = "<group>"; };
		6597258BC3F32726D4A39D7C /* PrivacyInfo.xcprivacy */ = {isa = PBXFileReference; includeInIndex = 1; lastKnownFileType = text.xml; name = PrivacyInfo.xcprivacy; path = plasma/PrivacyInfo.xcprivacy; sourceTree = "<group>"; };
		81AB9BB72411601600AC10FF /* LaunchScreen.storyboard */ = {isa = PBXFileReference; fileEncoding = 4; lastKnownFileType = file.storyboard; name = LaunchScreen.storyboard; path = plasma/LaunchScreen.storyboard; sourceTree = "<group>"; };
		894BCCC3646CA04647F5A3EC /* Pods-plasma-plasmaTests.release.xcconfig */ = {isa = PBXFileReference; includeInIndex = 1; lastKnownFileType = text.xcconfig; name = "Pods-plasma-plasmaTests.release.xcconfig"; path = "Target Support Files/Pods-plasma-plasmaTests/Pods-plasma-plasmaTests.release.xcconfig"; sourceTree = "<group>"; };
		8D219BB03B399206D01A6D23 /* Pods-plasma-plasmaTests.debug.xcconfig */ = {isa = PBXFileReference; includeInIndex = 1; lastKnownFileType = text.xcconfig; name = "Pods-plasma-plasmaTests.debug.xcconfig"; path = "Target Support Files/Pods-plasma-plasmaTests/Pods-plasma-plasmaTests.debug.xcconfig"; sourceTree = "<group>"; };
		A161D6D1C199D17BD47C7632 /* libPods-plasma-plasmaTests.a */ = {isa = PBXFileReference; explicitFileType = archive.ar; includeInIndex = 0; path = "libPods-plasma-plasmaTests.a"; sourceTree = BUILT_PRODUCTS_DIR; };
		AC18D45C582850A19CA3EB95 /* ExpoModulesProvider.swift */ = {isa = PBXFileReference; includeInIndex = 1; lastKnownFileType = sourcecode.swift; name = ExpoModulesProvider.swift; path = "Pods/Target Support Files/Pods-plasma-plasmaTests/ExpoModulesProvider.swift"; sourceTree = "<group>"; };
		ED297162215061F000B7C4FE /* JavaScriptCore.framework */ = {isa = PBXFileReference; lastKnownFileType = wrapper.framework; name = JavaScriptCore.framework; path = System/Library/Frameworks/JavaScriptCore.framework; sourceTree = SDKROOT; };
		FD1976B16DEFB2D268E332DC /* libPods-plasma.a */ = {isa = PBXFileReference; explicitFileType = archive.ar; includeInIndex = 0; path = "libPods-plasma.a"; sourceTree = BUILT_PRODUCTS_DIR; };
/* End PBXFileReference section */

/* Begin PBXFrameworksBuildPhase section */
		00E356EB1AD99517003FC87E /* Frameworks */ = {
			isa = PBXFrameworksBuildPhase;
			buildActionMask = 2147483647;
			files = (
				8E76C575CF0DFA1F37AA5EE5 /* libPods-plasma-plasmaTests.a in Frameworks */,
			);
			runOnlyForDeploymentPostprocessing = 0;
		};
		13B07F8C1A680F5B00A75B9A /* Frameworks */ = {
			isa = PBXFrameworksBuildPhase;
			buildActionMask = 2147483647;
			files = (
				1BBB01B62BF4FF5500EDCA9B /* Lndmobile.xcframework in Frameworks */,
				1BED719F2BF4CE8E00098E26 /* libresolv.9.tbd in Frameworks */,
				1BBB01C42BF5022900EDCA9B /* SwiftProtobufPluginLibrary in Frameworks */,
				1BBB01C22BF5022900EDCA9B /* SwiftProtobuf in Frameworks */,
				30403D1781E46E18DE47036C /* libPods-plasma.a in Frameworks */,
			);
			runOnlyForDeploymentPostprocessing = 0;
		};
/* End PBXFrameworksBuildPhase section */

/* Begin PBXGroup section */
		00E356EF1AD99517003FC87E /* plasmaTests */ = {
			isa = PBXGroup;
			children = (
				00E356F21AD99517003FC87E /* plasmaTests.m */,
				00E356F01AD99517003FC87E /* Supporting Files */,
			);
			path = plasmaTests;
			sourceTree = "<group>";
		};
		00E356F01AD99517003FC87E /* Supporting Files */ = {
			isa = PBXGroup;
			children = (
				00E356F11AD99517003FC87E /* Info.plist */,
			);
			name = "Supporting Files";
			sourceTree = "<group>";
		};
		13B07FAE1A68108700A75B9A /* plasma */ = {
			isa = PBXGroup;
			children = (
				1BC3AB132CD547B00024FD9C /* plasma.entitlements */,
				1BBB01AF2BF4FF3900EDCA9B /* LndMobile */,
				1BBB01A32BF4FF2800EDCA9B /* fonts */,
				13B07FAF1A68108700A75B9A /* AppDelegate.h */,
				13B07FB01A68108700A75B9A /* AppDelegate.mm */,
				13B07FB51A68108700A75B9A /* Images.xcassets */,
				13B07FB61A68108700A75B9A /* Info.plist */,
				81AB9BB72411601600AC10FF /* LaunchScreen.storyboard */,
				13B07FB71A68108700A75B9A /* main.m */,
				13B07FB81A68108700A75B9A /* PrivacyInfo.xcprivacy */,
				6597258BC3F32726D4A39D7C /* PrivacyInfo.xcprivacy */,
			);
			name = plasma;
			sourceTree = "<group>";
		};
		1879ECDBC03216C45BAC97E7 /* plasma */ = {
			isa = PBXGroup;
			children = (
				2075DC22F2454F65CC20E21D /* ExpoModulesProvider.swift */,
			);
			name = plasma;
			sourceTree = "<group>";
		};
		1BBB01A32BF4FF2800EDCA9B /* fonts */ = {
			isa = PBXGroup;
			children = (
				1BBB01A02BF4FF2800EDCA9B /* Satoshi-Variable.ttf */,
				1BBB01A12BF4FF2800EDCA9B /* Satoshi-VariableItalic.ttf */,
				1BBB01A22BF4FF2800EDCA9B /* SugarstyleMillenial-Regular.ttf */,
			);
			name = fonts;
			path = plasma/fonts;
			sourceTree = "<group>";
		};
		1BBB01A92BF4FF3900EDCA9B /* bindings */ = {
			isa = PBXGroup;
			children = (
				1BBB01A72BF4FF3900EDCA9B /* lightning.pb.swift */,
				1BBB01A82BF4FF3900EDCA9B /* walletunlocker.pb.swift */,
			);
			path = bindings;
			sourceTree = "<group>";
		};
		1BBB01AF2BF4FF3900EDCA9B /* LndMobile */ = {
			isa = PBXGroup;
			children = (
				1BBB01A92BF4FF3900EDCA9B /* bindings */,
				1BBB01AA2BF4FF3900EDCA9B /* Lnd.swift */,
				1BBB01AB2BF4FF3900EDCA9B /* LndMobile.m */,
				1BBB01AC2BF4FF3900EDCA9B /* Lndmobile.swift */,
				1BBB01AD2BF4FF3900EDCA9B /* Lndmobile.xcframework */,
				1BBB01BF2BF501F200EDCA9B /* plasma-Bridging-Header.h */,
			);
			name = LndMobile;
			path = plasma/LndMobile;
			sourceTree = "<group>";
		};
		2D16E6871FA4F8E400B85C8A /* Frameworks */ = {
			isa = PBXGroup;
			children = (
				1B44BEF52CA0F9CB0043B966 /* OpenSSL.xcframework */,
				1BED719E2BF4CE8700098E26 /* libresolv.9.tbd */,
				ED297162215061F000B7C4FE /* JavaScriptCore.framework */,
				FD1976B16DEFB2D268E332DC /* libPods-plasma.a */,
				A161D6D1C199D17BD47C7632 /* libPods-plasma-plasmaTests.a */,
			);
			name = Frameworks;
			sourceTree = "<group>";
		};
		832341AE1AAA6A7D00B99B32 /* Libraries */ = {
			isa = PBXGroup;
			children = (
			);
			name = Libraries;
			sourceTree = "<group>";
		};
		83CBB9F61A601CBA00E9B192 = {
			isa = PBXGroup;
			children = (
				13B07FAE1A68108700A75B9A /* plasma */,
				832341AE1AAA6A7D00B99B32 /* Libraries */,
				00E356EF1AD99517003FC87E /* plasmaTests */,
				83CBBA001A601CBA00E9B192 /* Products */,
				2D16E6871FA4F8E400B85C8A /* Frameworks */,
				BBD78D7AC51CEA395F1C20DB /* Pods */,
				8C54316E0E457D37601B2E3C /* ExpoModulesProviders */,
			);
			indentWidth = 2;
			sourceTree = "<group>";
			tabWidth = 2;
			usesTabs = 0;
		};
		83CBBA001A601CBA00E9B192 /* Products */ = {
			isa = PBXGroup;
			children = (
				13B07F961A680F5B00A75B9A /* plasma.app */,
				00E356EE1AD99517003FC87E /* plasmaTests.xctest */,
			);
			name = Products;
			sourceTree = "<group>";
		};
		8C54316E0E457D37601B2E3C /* ExpoModulesProviders */ = {
			isa = PBXGroup;
			children = (
				1879ECDBC03216C45BAC97E7 /* plasma */,
				E6595F3EE3142E5400A98003 /* plasmaTests */,
			);
			name = ExpoModulesProviders;
			sourceTree = "<group>";
		};
		BBD78D7AC51CEA395F1C20DB /* Pods */ = {
			isa = PBXGroup;
			children = (
				38B857622068AA00B927DD24 /* Pods-plasma.debug.xcconfig */,
				06A08EE9C51D9BF7DDB0F7FE /* Pods-plasma.release.xcconfig */,
				8D219BB03B399206D01A6D23 /* Pods-plasma-plasmaTests.debug.xcconfig */,
				894BCCC3646CA04647F5A3EC /* Pods-plasma-plasmaTests.release.xcconfig */,
			);
			path = Pods;
			sourceTree = "<group>";
		};
		E6595F3EE3142E5400A98003 /* plasmaTests */ = {
			isa = PBXGroup;
			children = (
				AC18D45C582850A19CA3EB95 /* ExpoModulesProvider.swift */,
			);
			name = plasmaTests;
			sourceTree = "<group>";
		};
/* End PBXGroup section */

/* Begin PBXNativeTarget section */
		00E356ED1AD99517003FC87E /* plasmaTests */ = {
			isa = PBXNativeTarget;
			buildConfigurationList = 00E357021AD99517003FC87E /* Build configuration list for PBXNativeTarget "plasmaTests" */;
			buildPhases = (
				915FA40B82C6ED772E70A744 /* [CP] Check Pods Manifest.lock */,
				E14DD3D270AFDF7376EC2B1F /* [Expo] Configure project */,
				00E356EA1AD99517003FC87E /* Sources */,
				00E356EB1AD99517003FC87E /* Frameworks */,
				00E356EC1AD99517003FC87E /* Resources */,
				B3DA45FE61D4EE6E76C79031 /* [CP] Embed Pods Frameworks */,
				DE480FD88164DBE03B27CC39 /* [CP] Copy Pods Resources */,
			);
			buildRules = (
			);
			dependencies = (
				00E356F51AD99517003FC87E /* PBXTargetDependency */,
			);
			name = plasmaTests;
			productName = plasmaTests;
			productReference = 00E356EE1AD99517003FC87E /* plasmaTests.xctest */;
			productType = "com.apple.product-type.bundle.unit-test";
		};
		13B07F861A680F5B00A75B9A /* plasma */ = {
			isa = PBXNativeTarget;
			buildConfigurationList = 13B07F931A680F5B00A75B9A /* Build configuration list for PBXNativeTarget "plasma" */;
			buildPhases = (
				75E369BBB6C0569FA7DAD9C0 /* [CP] Check Pods Manifest.lock */,
				3EEE2EBA49D854351DE52355 /* [Expo] Configure project */,
				13B07F871A680F5B00A75B9A /* Sources */,
				13B07F8C1A680F5B00A75B9A /* Frameworks */,
				13B07F8E1A680F5B00A75B9A /* Resources */,
				00DD1BFF1BD5951E006B06BC /* Bundle React Native code and images */,
				1BBB01B82BF4FF5500EDCA9B /* Embed Frameworks */,
				39C26FF503F37FF68CEE9238 /* [CP] Embed Pods Frameworks */,
				FC61384529A58FF34DDE4DB0 /* [CP] Copy Pods Resources */,
			);
			buildRules = (
			);
			dependencies = (
			);
			name = plasma;
			packageProductDependencies = (
				1BBB01C12BF5022900EDCA9B /* SwiftProtobuf */,
				1BBB01C32BF5022900EDCA9B /* SwiftProtobufPluginLibrary */,
			);
			productName = plasma;
			productReference = 13B07F961A680F5B00A75B9A /* plasma.app */;
			productType = "com.apple.product-type.application";
		};
/* End PBXNativeTarget section */

/* Begin PBXProject section */
		83CBB9F71A601CBA00E9B192 /* Project object */ = {
			isa = PBXProject;
			attributes = {
				BuildIndependentTargetsInParallel = YES;
				LastUpgradeCheck = 1540;
				TargetAttributes = {
					00E356ED1AD99517003FC87E = {
						CreatedOnToolsVersion = 6.2;
						TestTargetID = 13B07F861A680F5B00A75B9A;
					};
					13B07F861A680F5B00A75B9A = {
						LastSwiftMigration = 1120;
					};
				};
			};
			buildConfigurationList = 83CBB9FA1A601CBA00E9B192 /* Build configuration list for PBXProject "Plasma" */;
			compatibilityVersion = "Xcode 12.0";
			developmentRegion = en;
			hasScannedForEncodings = 0;
			knownRegions = (
				en,
				Base,
			);
			mainGroup = 83CBB9F61A601CBA00E9B192;
			packageReferences = (
				1BBB01C02BF5022900EDCA9B /* XCRemoteSwiftPackageReference "swift-protobuf" */,
			);
			productRefGroup = 83CBBA001A601CBA00E9B192 /* Products */;
			projectDirPath = "";
			projectRoot = "";
			targets = (
				13B07F861A680F5B00A75B9A /* plasma */,
				00E356ED1AD99517003FC87E /* plasmaTests */,
			);
		};
/* End PBXProject section */

/* Begin PBXResourcesBuildPhase section */
		00E356EC1AD99517003FC87E /* Resources */ = {
			isa = PBXResourcesBuildPhase;
			buildActionMask = 2147483647;
			files = (
			);
			runOnlyForDeploymentPostprocessing = 0;
		};
		13B07F8E1A680F5B00A75B9A /* Resources */ = {
			isa = PBXResourcesBuildPhase;
			buildActionMask = 2147483647;
			files = (
				1BBB01A62BF4FF2800EDCA9B /* SugarstyleMillenial-Regular.ttf in Resources */,
				1BBB01A52BF4FF2800EDCA9B /* Satoshi-VariableItalic.ttf in Resources */,
				81AB9BB82411601600AC10FF /* LaunchScreen.storyboard in Resources */,
				13B07FBF1A68108700A75B9A /* Images.xcassets in Resources */,
				1BBB01A42BF4FF2800EDCA9B /* Satoshi-Variable.ttf in Resources */,
				DA03E15CFC29C24FF4284566 /* PrivacyInfo.xcprivacy in Resources */,
			);
			runOnlyForDeploymentPostprocessing = 0;
		};
/* End PBXResourcesBuildPhase section */

/* Begin PBXShellScriptBuildPhase section */
		00DD1BFF1BD5951E006B06BC /* Bundle React Native code and images */ = {
			isa = PBXShellScriptBuildPhase;
			buildActionMask = 2147483647;
			files = (
			);
			inputPaths = (
				"$(SRCROOT)/.xcode.env.local",
				"$(SRCROOT)/.xcode.env",
			);
			name = "Bundle React Native code and images";
			outputPaths = (
			);
			runOnlyForDeploymentPostprocessing = 0;
			shellPath = /bin/sh;
			shellScript = "set -e\n\nWITH_ENVIRONMENT=\"$REACT_NATIVE_PATH/scripts/xcode/with-environment.sh\"\nREACT_NATIVE_XCODE=\"$REACT_NATIVE_PATH/scripts/react-native-xcode.sh\"\n\n/bin/sh -c \"$WITH_ENVIRONMENT $REACT_NATIVE_XCODE\"\n";
		};
		39C26FF503F37FF68CEE9238 /* [CP] Embed Pods Frameworks */ = {
			isa = PBXShellScriptBuildPhase;
			buildActionMask = 2147483647;
			files = (
			);
			inputFileListPaths = (
				"${PODS_ROOT}/Target Support Files/Pods-plasma/Pods-plasma-frameworks-${CONFIGURATION}-input-files.xcfilelist",
			);
			name = "[CP] Embed Pods Frameworks";
			outputFileListPaths = (
				"${PODS_ROOT}/Target Support Files/Pods-plasma/Pods-plasma-frameworks-${CONFIGURATION}-output-files.xcfilelist",
			);
			runOnlyForDeploymentPostprocessing = 0;
			shellPath = /bin/sh;
			shellScript = "\"${PODS_ROOT}/Target Support Files/Pods-plasma/Pods-plasma-frameworks.sh\"\n";
			showEnvVarsInLog = 0;
		};
		3EEE2EBA49D854351DE52355 /* [Expo] Configure project */ = {
			isa = PBXShellScriptBuildPhase;
			alwaysOutOfDate = 1;
			buildActionMask = 2147483647;
			files = (
			);
			inputFileListPaths = (
			);
			inputPaths = (
			);
			name = "[Expo] Configure project";
			outputFileListPaths = (
			);
			outputPaths = (
			);
			runOnlyForDeploymentPostprocessing = 0;
			shellPath = /bin/sh;
			shellScript = "# This script configures Expo modules and generates the modules provider file.\nbash -l -c \"./Pods/Target\\ Support\\ Files/Pods-plasma/expo-configure-project.sh\"\n";
		};
		75E369BBB6C0569FA7DAD9C0 /* [CP] Check Pods Manifest.lock */ = {
			isa = PBXShellScriptBuildPhase;
			buildActionMask = 2147483647;
			files = (
			);
			inputFileListPaths = (
			);
			inputPaths = (
				"${PODS_PODFILE_DIR_PATH}/Podfile.lock",
				"${PODS_ROOT}/Manifest.lock",
			);
			name = "[CP] Check Pods Manifest.lock";
			outputFileListPaths = (
			);
			outputPaths = (
				"$(DERIVED_FILE_DIR)/Pods-plasma-checkManifestLockResult.txt",
			);
			runOnlyForDeploymentPostprocessing = 0;
			shellPath = /bin/sh;
			shellScript = "diff \"${PODS_PODFILE_DIR_PATH}/Podfile.lock\" \"${PODS_ROOT}/Manifest.lock\" > /dev/null\nif [ $? != 0 ] ; then\n    # print error to STDERR\n    echo \"error: The sandbox is not in sync with the Podfile.lock. Run 'pod install' or update your CocoaPods installation.\" >&2\n    exit 1\nfi\n# This output is used by Xcode 'outputs' to avoid re-running this script phase.\necho \"SUCCESS\" > \"${SCRIPT_OUTPUT_FILE_0}\"\n";
			showEnvVarsInLog = 0;
		};
		915FA40B82C6ED772E70A744 /* [CP] Check Pods Manifest.lock */ = {
			isa = PBXShellScriptBuildPhase;
			buildActionMask = 2147483647;
			files = (
			);
			inputFileListPaths = (
			);
			inputPaths = (
				"${PODS_PODFILE_DIR_PATH}/Podfile.lock",
				"${PODS_ROOT}/Manifest.lock",
			);
			name = "[CP] Check Pods Manifest.lock";
			outputFileListPaths = (
			);
			outputPaths = (
				"$(DERIVED_FILE_DIR)/Pods-plasma-plasmaTests-checkManifestLockResult.txt",
			);
			runOnlyForDeploymentPostprocessing = 0;
			shellPath = /bin/sh;
			shellScript = "diff \"${PODS_PODFILE_DIR_PATH}/Podfile.lock\" \"${PODS_ROOT}/Manifest.lock\" > /dev/null\nif [ $? != 0 ] ; then\n    # print error to STDERR\n    echo \"error: The sandbox is not in sync with the Podfile.lock. Run 'pod install' or update your CocoaPods installation.\" >&2\n    exit 1\nfi\n# This output is used by Xcode 'outputs' to avoid re-running this script phase.\necho \"SUCCESS\" > \"${SCRIPT_OUTPUT_FILE_0}\"\n";
			showEnvVarsInLog = 0;
		};
		B3DA45FE61D4EE6E76C79031 /* [CP] Embed Pods Frameworks */ = {
			isa = PBXShellScriptBuildPhase;
			buildActionMask = 2147483647;
			files = (
			);
			inputFileListPaths = (
				"${PODS_ROOT}/Target Support Files/Pods-plasma-plasmaTests/Pods-plasma-plasmaTests-frameworks-${CONFIGURATION}-input-files.xcfilelist",
			);
			name = "[CP] Embed Pods Frameworks";
			outputFileListPaths = (
				"${PODS_ROOT}/Target Support Files/Pods-plasma-plasmaTests/Pods-plasma-plasmaTests-frameworks-${CONFIGURATION}-output-files.xcfilelist",
			);
			runOnlyForDeploymentPostprocessing = 0;
			shellPath = /bin/sh;
			shellScript = "\"${PODS_ROOT}/Target Support Files/Pods-plasma-plasmaTests/Pods-plasma-plasmaTests-frameworks.sh\"\n";
			showEnvVarsInLog = 0;
		};
		DE480FD88164DBE03B27CC39 /* [CP] Copy Pods Resources */ = {
			isa = PBXShellScriptBuildPhase;
			buildActionMask = 2147483647;
			files = (
			);
			inputFileListPaths = (
				"${PODS_ROOT}/Target Support Files/Pods-plasma-plasmaTests/Pods-plasma-plasmaTests-resources-${CONFIGURATION}-input-files.xcfilelist",
			);
			name = "[CP] Copy Pods Resources";
			outputFileListPaths = (
				"${PODS_ROOT}/Target Support Files/Pods-plasma-plasmaTests/Pods-plasma-plasmaTests-resources-${CONFIGURATION}-output-files.xcfilelist",
			);
			runOnlyForDeploymentPostprocessing = 0;
			shellPath = /bin/sh;
			shellScript = "\"${PODS_ROOT}/Target Support Files/Pods-plasma-plasmaTests/Pods-plasma-plasmaTests-resources.sh\"\n";
			showEnvVarsInLog = 0;
		};
		E14DD3D270AFDF7376EC2B1F /* [Expo] Configure project */ = {
			isa = PBXShellScriptBuildPhase;
			alwaysOutOfDate = 1;
			buildActionMask = 2147483647;
			files = (
			);
			inputFileListPaths = (
			);
			inputPaths = (
			);
			name = "[Expo] Configure project";
			outputFileListPaths = (
			);
			outputPaths = (
			);
			runOnlyForDeploymentPostprocessing = 0;
			shellPath = /bin/sh;
			shellScript = "# This script configures Expo modules and generates the modules provider file.\nbash -l -c \"./Pods/Target\\ Support\\ Files/Pods-plasma-plasmaTests/expo-configure-project.sh\"\n";
		};
		FC61384529A58FF34DDE4DB0 /* [CP] Copy Pods Resources */ = {
			isa = PBXShellScriptBuildPhase;
			buildActionMask = 2147483647;
			files = (
			);
			inputFileListPaths = (
				"${PODS_ROOT}/Target Support Files/Pods-plasma/Pods-plasma-resources-${CONFIGURATION}-input-files.xcfilelist",
			);
			name = "[CP] Copy Pods Resources";
			outputFileListPaths = (
				"${PODS_ROOT}/Target Support Files/Pods-plasma/Pods-plasma-resources-${CONFIGURATION}-output-files.xcfilelist",
			);
			runOnlyForDeploymentPostprocessing = 0;
			shellPath = /bin/sh;
			shellScript = "\"${PODS_ROOT}/Target Support Files/Pods-plasma/Pods-plasma-resources.sh\"\n";
			showEnvVarsInLog = 0;
		};
/* End PBXShellScriptBuildPhase section */

/* Begin PBXSourcesBuildPhase section */
		00E356EA1AD99517003FC87E /* Sources */ = {
			isa = PBXSourcesBuildPhase;
			buildActionMask = 2147483647;
			files = (
				00E356F31AD99517003FC87E /* plasmaTests.m in Sources */,
				964D5BC014578B7A3FA31EBC /* ExpoModulesProvider.swift in Sources */,
			);
			runOnlyForDeploymentPostprocessing = 0;
		};
		13B07F871A680F5B00A75B9A /* Sources */ = {
			isa = PBXSourcesBuildPhase;
			buildActionMask = 2147483647;
			files = (
				1BBB01B42BF4FF3900EDCA9B /* Lndmobile.swift in Sources */,
				1BBB01B32BF4FF3900EDCA9B /* LndMobile.m in Sources */,
				13B07FBC1A68108700A75B9A /* AppDelegate.mm in Sources */,
				1BBB01B12BF4FF3900EDCA9B /* walletunlocker.pb.swift in Sources */,
				1BBB01B22BF4FF3900EDCA9B /* Lnd.swift in Sources */,
				1BBB01B02BF4FF3900EDCA9B /* lightning.pb.swift in Sources */,
				13B07FC11A68108700A75B9A /* main.m in Sources */,
				B7539F0800979BDF26A41213 /* ExpoModulesProvider.swift in Sources */,
			);
			runOnlyForDeploymentPostprocessing = 0;
		};
/* End PBXSourcesBuildPhase section */

/* Begin PBXTargetDependency section */
		00E356F51AD99517003FC87E /* PBXTargetDependency */ = {
			isa = PBXTargetDependency;
			target = 13B07F861A680F5B00A75B9A /* plasma */;
			targetProxy = 00E356F41AD99517003FC87E /* PBXContainerItemProxy */;
		};
/* End PBXTargetDependency section */

/* Begin XCBuildConfiguration section */
		00E356F61AD99517003FC87E /* Debug */ = {
			isa = XCBuildConfiguration;
			baseConfigurationReference = 8D219BB03B399206D01A6D23 /* Pods-plasma-plasmaTests.debug.xcconfig */;
			buildSettings = {
				ALWAYS_EMBED_SWIFT_STANDARD_LIBRARIES = YES;
				BUNDLE_LOADER = "$(TEST_HOST)";
				GCC_PREPROCESSOR_DEFINITIONS = (
					"DEBUG=1",
					"$(inherited)",
				);
				INFOPLIST_FILE = plasmaTests/Info.plist;
				IPHONEOS_DEPLOYMENT_TARGET = 15.1;
				LD_RUNPATH_SEARCH_PATHS = (
					"$(inherited)",
					"@executable_path/Frameworks",
					"@loader_path/Frameworks",
				);
				OTHER_LDFLAGS = (
					"-ObjC",
					"-lc++",
					"$(inherited)",
				);
				OTHER_SWIFT_FLAGS = "$(inherited) -D EXPO_CONFIGURATION_DEBUG";
				PRODUCT_BUNDLE_IDENTIFIER = "org.reactjs.native.example.$(PRODUCT_NAME:rfc1034identifier)";
				PRODUCT_NAME = "$(TARGET_NAME)";
				TEST_HOST = "$(BUILT_PRODUCTS_DIR)/plasma.app/plasma";
			};
			name = Debug;
		};
		00E356F71AD99517003FC87E /* Release */ = {
			isa = XCBuildConfiguration;
			baseConfigurationReference = 894BCCC3646CA04647F5A3EC /* Pods-plasma-plasmaTests.release.xcconfig */;
			buildSettings = {
				ALWAYS_EMBED_SWIFT_STANDARD_LIBRARIES = YES;
				BUNDLE_LOADER = "$(TEST_HOST)";
				COPY_PHASE_STRIP = NO;
				INFOPLIST_FILE = plasmaTests/Info.plist;
				IPHONEOS_DEPLOYMENT_TARGET = 15.1;
				LD_RUNPATH_SEARCH_PATHS = (
					"$(inherited)",
					"@executable_path/Frameworks",
					"@loader_path/Frameworks",
				);
				OTHER_LDFLAGS = (
					"-ObjC",
					"-lc++",
					"$(inherited)",
				);
				OTHER_SWIFT_FLAGS = "$(inherited) -D EXPO_CONFIGURATION_RELEASE";
				PRODUCT_BUNDLE_IDENTIFIER = "org.reactjs.native.example.$(PRODUCT_NAME:rfc1034identifier)";
				PRODUCT_NAME = "$(TARGET_NAME)";
				TEST_HOST = "$(BUILT_PRODUCTS_DIR)/plasma.app/plasma";
			};
			name = Release;
		};
		13B07F941A680F5B00A75B9A /* Debug */ = {
			isa = XCBuildConfiguration;
			baseConfigurationReference = 38B857622068AA00B927DD24 /* Pods-plasma.debug.xcconfig */;
			buildSettings = {
				ASSETCATALOG_COMPILER_APPICON_NAME = AppIcon;
				CLANG_ENABLE_MODULES = YES;
				CODE_SIGN_ENTITLEMENTS = plasma/plasma.entitlements;
				CURRENT_PROJECT_VERSION = 1;
				DEVELOPMENT_TEAM = ZV7987N2ZC;
				ENABLE_BITCODE = NO;
				ENABLE_USER_SCRIPT_SANDBOXING = NO;
				INFOPLIST_FILE = plasma/Info.plist;
				INFOPLIST_KEY_CFBundleDisplayName = Plasma;
				INFOPLIST_KEY_LSApplicationCategoryType = "public.app-category.finance";
				LD_RUNPATH_SEARCH_PATHS = (
					"$(inherited)",
					"@executable_path/Frameworks",
				);
				MARKETING_VERSION = 1.0;
				OTHER_LDFLAGS = (
					"$(inherited)",
					"-ObjC",
					"-lc++",
				);
				OTHER_SWIFT_FLAGS = "$(inherited) -D EXPO_CONFIGURATION_DEBUG";
				PRODUCT_BUNDLE_IDENTIFIER = "com.litecoin.--PRODUCT-NAME-rfc1034identifier-";
				"PRODUCT_BUNDLE_IDENTIFIER[sdk=iphoneos*]" = com.litecoin.plasma;
				PRODUCT_NAME = plasma;
				SWIFT_OBJC_BRIDGING_HEADER = "plasma-Bridging-Header.h";
				SWIFT_OPTIMIZATION_LEVEL = "-Onone";
				SWIFT_VERSION = 5.0;
				VERSIONING_SYSTEM = "apple-generic";
			};
			name = Debug;
		};
		13B07F951A680F5B00A75B9A /* Release */ = {
			isa = XCBuildConfiguration;
			baseConfigurationReference = 06A08EE9C51D9BF7DDB0F7FE /* Pods-plasma.release.xcconfig */;
			buildSettings = {
				ASSETCATALOG_COMPILER_APPICON_NAME = AppIcon;
				CLANG_ENABLE_MODULES = YES;
				CODE_SIGN_ENTITLEMENTS = plasma/plasma.entitlements;
				CURRENT_PROJECT_VERSION = 1;
				DEVELOPMENT_TEAM = ZV7987N2ZC;
				ENABLE_USER_SCRIPT_SANDBOXING = NO;
				INFOPLIST_FILE = plasma/Info.plist;
				INFOPLIST_KEY_CFBundleDisplayName = Plasma;
				INFOPLIST_KEY_LSApplicationCategoryType = "public.app-category.finance";
				LD_RUNPATH_SEARCH_PATHS = (
					"$(inherited)",
					"@executable_path/Frameworks",
				);
				MARKETING_VERSION = 1.0;
				OTHER_LDFLAGS = (
					"$(inherited)",
					"-ObjC",
					"-lc++",
				);
				OTHER_SWIFT_FLAGS = "$(inherited) -D EXPO_CONFIGURATION_RELEASE";
				PRODUCT_BUNDLE_IDENTIFIER = "com.litecoin.--PRODUCT-NAME-rfc1034identifier-";
				"PRODUCT_BUNDLE_IDENTIFIER[sdk=iphoneos*]" = com.litecoin.plasma;
				PRODUCT_NAME = plasma;
				SWIFT_OBJC_BRIDGING_HEADER = "plasma-Bridging-Header.h";
				SWIFT_VERSION = 5.0;
				VERSIONING_SYSTEM = "apple-generic";
			};
			name = Release;
		};
		83CBBA201A601CBA00E9B192 /* Debug */ = {
			isa = XCBuildConfiguration;
			buildSettings = {
				ALWAYS_SEARCH_USER_PATHS = NO;
				CC = "";
				CLANG_ANALYZER_LOCALIZABILITY_NONLOCALIZED = YES;
				CLANG_CXX_LANGUAGE_STANDARD = "c++20";
				CLANG_CXX_LIBRARY = "libc++";
				CLANG_ENABLE_MODULES = YES;
				CLANG_ENABLE_OBJC_ARC = YES;
				CLANG_WARN_BLOCK_CAPTURE_AUTORELEASING = YES;
				CLANG_WARN_BOOL_CONVERSION = YES;
				CLANG_WARN_COMMA = YES;
				CLANG_WARN_CONSTANT_CONVERSION = YES;
				CLANG_WARN_DEPRECATED_OBJC_IMPLEMENTATIONS = YES;
				CLANG_WARN_DIRECT_OBJC_ISA_USAGE = YES_ERROR;
				CLANG_WARN_EMPTY_BODY = YES;
				CLANG_WARN_ENUM_CONVERSION = YES;
				CLANG_WARN_INFINITE_RECURSION = YES;
				CLANG_WARN_INT_CONVERSION = YES;
				CLANG_WARN_NON_LITERAL_NULL_CONVERSION = YES;
				CLANG_WARN_OBJC_IMPLICIT_RETAIN_SELF = YES;
				CLANG_WARN_OBJC_LITERAL_CONVERSION = YES;
				CLANG_WARN_OBJC_ROOT_CLASS = YES_ERROR;
				CLANG_WARN_QUOTED_INCLUDE_IN_FRAMEWORK_HEADER = YES;
				CLANG_WARN_RANGE_LOOP_ANALYSIS = YES;
				CLANG_WARN_STRICT_PROTOTYPES = YES;
				CLANG_WARN_SUSPICIOUS_MOVE = YES;
				CLANG_WARN_UNREACHABLE_CODE = YES;
				CLANG_WARN__DUPLICATE_METHOD_MATCH = YES;
				"CODE_SIGN_IDENTITY[sdk=iphoneos*]" = "iPhone Developer";
				COPY_PHASE_STRIP = NO;
				CXX = "";
				ENABLE_STRICT_OBJC_MSGSEND = YES;
				ENABLE_TESTABILITY = YES;
				ENABLE_USER_SCRIPT_SANDBOXING = YES;
				"EXCLUDED_ARCHS[sdk=iphonesimulator*]" = "";
				GCC_C_LANGUAGE_STANDARD = gnu99;
				GCC_DYNAMIC_NO_PIC = NO;
				GCC_NO_COMMON_BLOCKS = YES;
				GCC_OPTIMIZATION_LEVEL = 0;
				GCC_PREPROCESSOR_DEFINITIONS = (
					"DEBUG=1",
					"$(inherited)",
				);
				GCC_SYMBOLS_PRIVATE_EXTERN = NO;
				GCC_WARN_64_TO_32_BIT_CONVERSION = YES;
				GCC_WARN_ABOUT_RETURN_TYPE = YES_ERROR;
				GCC_WARN_UNDECLARED_SELECTOR = YES;
				GCC_WARN_UNINITIALIZED_AUTOS = YES_AGGRESSIVE;
				GCC_WARN_UNUSED_FUNCTION = YES;
				GCC_WARN_UNUSED_VARIABLE = YES;
				IPHONEOS_DEPLOYMENT_TARGET = 15.1;
				LD = "";
				LDPLUSPLUS = "";
				LD_RUNPATH_SEARCH_PATHS = (
					/usr/lib/swift,
					"$(inherited)",
				);
				LIBRARY_SEARCH_PATHS = (
					"\"$(SDKROOT)/usr/lib/swift\"",
					"\"$(TOOLCHAIN_DIR)/usr/lib/swift/$(PLATFORM_NAME)\"",
					"\"$(inherited)\"",
				);
				MTL_ENABLE_DEBUG_INFO = YES;
				ONLY_ACTIVE_ARCH = YES;
				OTHER_CPLUSPLUSFLAGS = (
					"$(OTHER_CFLAGS)",
					"-DFOLLY_NO_CONFIG",
					"-DFOLLY_MOBILE=1",
					"-DFOLLY_USE_LIBCPP=1",
					"-DFOLLY_CFG_NO_COROUTINES=1",
					"-DFOLLY_HAVE_CLOCK_GETTIME=1",
				);
				OTHER_LDFLAGS = "$(inherited)  ";
				REACT_NATIVE_PATH = "${PODS_ROOT}/../../node_modules/react-native";
				SDKROOT = iphoneos;
				SWIFT_ACTIVE_COMPILATION_CONDITIONS = "$(inherited) DEBUG";
				USE_HERMES = true;
			};
			name = Debug;
		};
		83CBBA211A601CBA00E9B192 /* Release */ = {
			isa = XCBuildConfiguration;
			buildSettings = {
				ALWAYS_SEARCH_USER_PATHS = NO;
				CC = "";
				CLANG_ANALYZER_LOCALIZABILITY_NONLOCALIZED = YES;
				CLANG_CXX_LANGUAGE_STANDARD = "c++20";
				CLANG_CXX_LIBRARY = "libc++";
				CLANG_ENABLE_MODULES = YES;
				CLANG_ENABLE_OBJC_ARC = YES;
				CLANG_WARN_BLOCK_CAPTURE_AUTORELEASING = YES;
				CLANG_WARN_BOOL_CONVERSION = YES;
				CLANG_WARN_COMMA = YES;
				CLANG_WARN_CONSTANT_CONVERSION = YES;
				CLANG_WARN_DEPRECATED_OBJC_IMPLEMENTATIONS = YES;
				CLANG_WARN_DIRECT_OBJC_ISA_USAGE = YES_ERROR;
				CLANG_WARN_EMPTY_BODY = YES;
				CLANG_WARN_ENUM_CONVERSION = YES;
				CLANG_WARN_INFINITE_RECURSION = YES;
				CLANG_WARN_INT_CONVERSION = YES;
				CLANG_WARN_NON_LITERAL_NULL_CONVERSION = YES;
				CLANG_WARN_OBJC_IMPLICIT_RETAIN_SELF = YES;
				CLANG_WARN_OBJC_LITERAL_CONVERSION = YES;
				CLANG_WARN_OBJC_ROOT_CLASS = YES_ERROR;
				CLANG_WARN_QUOTED_INCLUDE_IN_FRAMEWORK_HEADER = YES;
				CLANG_WARN_RANGE_LOOP_ANALYSIS = YES;
				CLANG_WARN_STRICT_PROTOTYPES = YES;
				CLANG_WARN_SUSPICIOUS_MOVE = YES;
				CLANG_WARN_UNREACHABLE_CODE = YES;
				CLANG_WARN__DUPLICATE_METHOD_MATCH = YES;
				"CODE_SIGN_IDENTITY[sdk=iphoneos*]" = "iPhone Developer";
				COPY_PHASE_STRIP = YES;
				CXX = "";
				ENABLE_NS_ASSERTIONS = NO;
				ENABLE_STRICT_OBJC_MSGSEND = YES;
				ENABLE_USER_SCRIPT_SANDBOXING = YES;
				"EXCLUDED_ARCHS[sdk=iphonesimulator*]" = "";
				GCC_C_LANGUAGE_STANDARD = gnu99;
				GCC_NO_COMMON_BLOCKS = YES;
				GCC_WARN_64_TO_32_BIT_CONVERSION = YES;
				GCC_WARN_ABOUT_RETURN_TYPE = YES_ERROR;
				GCC_WARN_UNDECLARED_SELECTOR = YES;
				GCC_WARN_UNINITIALIZED_AUTOS = YES_AGGRESSIVE;
				GCC_WARN_UNUSED_FUNCTION = YES;
				GCC_WARN_UNUSED_VARIABLE = YES;
				IPHONEOS_DEPLOYMENT_TARGET = 15.1;
				LD = "";
				LDPLUSPLUS = "";
				LD_RUNPATH_SEARCH_PATHS = (
					/usr/lib/swift,
					"$(inherited)",
				);
				LIBRARY_SEARCH_PATHS = (
					"\"$(SDKROOT)/usr/lib/swift\"",
					"\"$(TOOLCHAIN_DIR)/usr/lib/swift/$(PLATFORM_NAME)\"",
					"\"$(inherited)\"",
				);
				MTL_ENABLE_DEBUG_INFO = NO;
				OTHER_CPLUSPLUSFLAGS = (
					"$(OTHER_CFLAGS)",
					"-DFOLLY_NO_CONFIG",
					"-DFOLLY_MOBILE=1",
					"-DFOLLY_USE_LIBCPP=1",
					"-DFOLLY_CFG_NO_COROUTINES=1",
					"-DFOLLY_HAVE_CLOCK_GETTIME=1",
				);
				OTHER_LDFLAGS = "$(inherited)  ";
				REACT_NATIVE_PATH = "${PODS_ROOT}/../../node_modules/react-native";
				SDKROOT = iphoneos;
				SWIFT_COMPILATION_MODE = wholemodule;
				USE_HERMES = true;
				VALIDATE_PRODUCT = YES;
			};
			name = Release;
		};
/* End XCBuildConfiguration section */

/* Begin XCConfigurationList section */
		00E357021AD99517003FC87E /* Build configuration list for PBXNativeTarget "plasmaTests" */ = {
			isa = XCConfigurationList;
			buildConfigurations = (
				00E356F61AD99517003FC87E /* Debug */,
				00E356F71AD99517003FC87E /* Release */,
			);
			defaultConfigurationIsVisible = 0;
			defaultConfigurationName = Release;
		};
		13B07F931A680F5B00A75B9A /* Build configuration list for PBXNativeTarget "plasma" */ = {
			isa = XCConfigurationList;
			buildConfigurations = (
				13B07F941A680F5B00A75B9A /* Debug */,
				13B07F951A680F5B00A75B9A /* Release */,
			);
			defaultConfigurationIsVisible = 0;
			defaultConfigurationName = Release;
		};
		83CBB9FA1A601CBA00E9B192 /* Build configuration list for PBXProject "Plasma" */ = {
			isa = XCConfigurationList;
			buildConfigurations = (
				83CBBA201A601CBA00E9B192 /* Debug */,
				83CBBA211A601CBA00E9B192 /* Release */,
			);
			defaultConfigurationIsVisible = 0;
			defaultConfigurationName = Release;
		};
/* End XCConfigurationList section */

/* Begin XCRemoteSwiftPackageReference section */
		1BBB01C02BF5022900EDCA9B /* XCRemoteSwiftPackageReference "swift-protobuf" */ = {
			isa = XCRemoteSwiftPackageReference;
			repositoryURL = "https://github.com/apple/swift-protobuf.git";
			requirement = {
				kind = upToNextMajorVersion;
				minimumVersion = 1.26.0;
			};
		};
/* End XCRemoteSwiftPackageReference section */

/* Begin XCSwiftPackageProductDependency section */
		1BBB01C12BF5022900EDCA9B /* SwiftProtobuf */ = {
			isa = XCSwiftPackageProductDependency;
			package = 1BBB01C02BF5022900EDCA9B /* XCRemoteSwiftPackageReference "swift-protobuf" */;
			productName = SwiftProtobuf;
		};
		1BBB01C32BF5022900EDCA9B /* SwiftProtobufPluginLibrary */ = {
			isa = XCSwiftPackageProductDependency;
			package = 1BBB01C02BF5022900EDCA9B /* XCRemoteSwiftPackageReference "swift-protobuf" */;
			productName = SwiftProtobufPluginLibrary;
		};
/* End XCSwiftPackageProductDependency section */
	};
	rootObject = 83CBB9F71A601CBA00E9B192 /* Project object */;
}
